
Microsoft Visual Studio Solution File, Format Version 12.00
# Visual Studio Version 16
VisualStudioVersion = 16.0.29728.190
MinimumVisualStudioVersion = 10.0.40219.1
Project("{8BC9CEB8-8B4A-11D0-8D11-00A0C91BC942}") = "CourseWork_semester_5", "CourseWork_semester_5\CourseWork_semester_5.vcxproj", "{B9419A5F-ABEB-4B34-9BC8-C3A6F785E738}"
EndProject
Project("{8BC9CEB8-8B4A-11D0-8D11-00A0C91BC942}") = "TestProject", "TestProject\TestProject.vcxproj", "{FFDD55FB-F99F-4EC9-9DB8-F1C949D460D4}"
EndProject
Project("{8BC9CEB8-8B4A-11D0-8D11-00A0C91BC942}") = "Test", "Test\Test.vcxproj", "{0BAF3FB3-D0A9-4B74-8C52-27998F2735C2}"
EndProject
Global
	GlobalSection(SolutionConfigurationPlatforms) = preSolution
		Debug|x64 = Debug|x64
		Debug|x86 = Debug|x86
		Release|x64 = Release|x64
		Release|x86 = Release|x86
	EndGlobalSection
	GlobalSection(ProjectConfigurationPlatforms) = postSolution
		{B9419A5F-ABEB-4B34-9BC8-C3A6F785E738}.Debug|x64.ActiveCfg = Debug|x64
		{B9419A5F-ABEB-4B34-9BC8-C3A6F785E738}.Debug|x64.Build.0 = Debug|x64
		{B9419A5F-ABEB-4B34-9BC8-C3A6F785E738}.Debug|x86.ActiveCfg = Debug|Win32
		{B9419A5F-ABEB-4B34-9BC8-C3A6F785E738}.Debug|x86.Build.0 = Debug|Win32
		{B9419A5F-ABEB-4B34-9BC8-C3A6F785E738}.Release|x64.ActiveCfg = Release|x64
		{B9419A5F-ABEB-4B34-9BC8-C3A6F785E738}.Release|x64.Build.0 = Release|x64
		{B9419A5F-ABEB-4B34-9BC8-C3A6F785E738}.Release|x86.ActiveCfg = Release|Win32
		{B9419A5F-ABEB-4B34-9BC8-C3A6F785E738}.Release|x86.Build.0 = Release|Win32
		{FFDD55FB-F99F-4EC9-9DB8-F1C949D460D4}.Debug|x64.ActiveCfg = Debug|x64
		{FFDD55FB-F99F-4EC9-9DB8-F1C949D460D4}.Debug|x64.Build.0 = Debug|x64
		{FFDD55FB-F99F-4EC9-9DB8-F1C949D460D4}.Debug|x86.ActiveCfg = Debug|Win32
		{FFDD55FB-F99F-4EC9-9DB8-F1C949D460D4}.Debug|x86.Build.0 = Debug|Win32
		{FFDD55FB-F99F-4EC9-9DB8-F1C949D460D4}.Release|x64.ActiveCfg = Release|x64
		{FFDD55FB-F99F-4EC9-9DB8-F1C949D460D4}.Release|x64.Build.0 = Release|x64
		{FFDD55FB-F99F-4EC9-9DB8-F1C949D460D4}.Release|x86.ActiveCfg = Release|Win32
		{FFDD55FB-F99F-4EC9-9DB8-F1C949D460D4}.Release|x86.Build.0 = Release|Win32
		{0BAF3FB3-D0A9-4B74-8C52-27998F2735C2}.Debug|x64.ActiveCfg = Debug|x64
		{0BAF3FB3-D0A9-4B74-8C52-27998F2735C2}.Debug|x64.Build.0 = Debug|x64
		{0BAF3FB3-D0A9-4B74-8C52-27998F2735C2}.Debug|x86.ActiveCfg = Debug|Win32
		{0BAF3FB3-D0A9-4B74-8C52-27998F2735C2}.Debug|x86.Build.0 = Debug|Win32
		{0BAF3FB3-D0A9-4B74-8C52-27998F2735C2}.Release|x64.ActiveCfg = Release|x64
		{0BAF3FB3-D0A9-4B74-8C52-27998F2735C2}.Release|x64.Build.0 = Release|x64
		{0BAF3FB3-D0A9-4B74-8C52-27998F2735C2}.Release|x86.ActiveCfg = Release|Win32
		{0BAF3FB3-D0A9-4B74-8C52-27998F2735C2}.Release|x86.Build.0 = Release|Win32
	EndGlobalSection
	GlobalSection(SolutionProperties) = preSolution
		HideSolutionNode = FALSE
	EndGlobalSection
	GlobalSection(ExtensibilityGlobals) = postSolution
		SolutionGuid = {7661743F-C14C-4C5B-8E86-6EAE8B9526ED}
	EndGlobalSection
EndGlobal
